
Microsoft Visual Studio Solution File, Format Version 11.00
# Visual Studio 2010
Project("{FAE04EC0-301F-11D3-BF4B-00C04F79EFBC}") = "EIP.Sandbox", "EIP.Sandbox\EIP.Sandbox.csproj", "{1B20D675-5E58-4CED-910A-DDD752B6AF25}"
EndProject
Project("{2150E333-8FDC-42A3-9474-1A3956D46DE8}") = "App B", "App B", "{367F559D-2188-4703-9B18-FFCDD563FCB5}"
EndProject
Project("{2150E333-8FDC-42A3-9474-1A3956D46DE8}") = "App A", "App A", "{28675253-054D-4885-BA3C-8013FA5AE25A}"
EndProject
Project("{2150E333-8FDC-42A3-9474-1A3956D46DE8}") = "Sanbox", "Sanbox", "{A442DBDC-1141-40ED-A204-36D19DC0C655}"
EndProject
Project("{2150E333-8FDC-42A3-9474-1A3956D46DE8}") = "Commun", "Commun", "{32F5AE39-2B88-475E-8659-2B24009A43F6}"
EndProject
Project("{FAE04EC0-301F-11D3-BF4B-00C04F79EFBC}") = "EIP.CanonicalDomain", "EIP.CanonicalDomain\EIP.CanonicalDomain.csproj", "{5078C2E0-CD36-4175-B81C-3401011AE454}"
EndProject
Project("{FAE04EC0-301F-11D3-BF4B-00C04F79EFBC}") = "EIP.Sandbox2", "EIP.Sandbox2\EIP.Sandbox2.csproj", "{03A943A2-01F5-421A-9CA8-4F87BBFDCE4B}"
EndProject
Project("{FAE04EC0-301F-11D3-BF4B-00C04F79EFBC}") = "EIP.PubSub", "EIP.PubSub\EIP.PubSub.csproj", "{CAFC979F-8009-49E4-81BF-FDFD9EA9F201}"
EndProject
Project("{2150E333-8FDC-42A3-9474-1A3956D46DE8}") = "Service Registry", "Service Registry", "{B7361CDA-DC3E-43AF-B9D1-FF63BDFD098E}"
EndProject
Project("{FAE04EC0-301F-11D3-BF4B-00C04F79EFBC}") = "EIP.ServicesRegistry.GUI", "EIP.ServicesRegistry.GUI\EIP.ServicesRegistry.GUI.csproj", "{CE1C90D4-9BEE-45BE-A12E-B754101F1232}"
EndProject
Project("{FAE04EC0-301F-11D3-BF4B-00C04F79EFBC}") = "EIP.ServicesRegistry.Core", "EIP.ServicesRegistry.Core\EIP.ServicesRegistry.Core.csproj", "{2DECC99C-88B4-46C6-97EF-21F54666FD73}"
EndProject
Project("{FAE04EC0-301F-11D3-BF4B-00C04F79EFBC}") = "EIP.ServiceRegistry.Host", "EIP.ServiceRegistry.Host\EIP.ServiceRegistry.Host.csproj", "{E9529453-98EF-47E9-81DA-67C08B9911E0}"
EndProject
Project("{FAE04EC0-301F-11D3-BF4B-00C04F79EFBC}") = "EIP.Bus", "EIP.Bus\EIP.Bus.csproj", "{D100D8B2-8599-44CA-8E1B-D17953F87BAD}"
EndProject
Project("{FAE04EC0-301F-11D3-BF4B-00C04F79EFBC}") = "EIP.AppA", "EIP.AppA\EIP.AppA.csproj", "{B9349102-3DCF-49F1-91B8-AC3CF2CFF5D8}"
EndProject
Global
	GlobalSection(SolutionConfigurationPlatforms) = preSolution
		Debug|Any CPU = Debug|Any CPU
		Debug|Mixed Platforms = Debug|Mixed Platforms
		Debug|x86 = Debug|x86
		Release|Any CPU = Release|Any CPU
		Release|Mixed Platforms = Release|Mixed Platforms
		Release|x86 = Release|x86
	EndGlobalSection
	GlobalSection(ProjectConfigurationPlatforms) = postSolution
		{1B20D675-5E58-4CED-910A-DDD752B6AF25}.Debug|Any CPU.ActiveCfg = Debug|x86
		{1B20D675-5E58-4CED-910A-DDD752B6AF25}.Debug|Mixed Platforms.ActiveCfg = Debug|x86
		{1B20D675-5E58-4CED-910A-DDD752B6AF25}.Debug|Mixed Platforms.Build.0 = Debug|x86
		{1B20D675-5E58-4CED-910A-DDD752B6AF25}.Debug|x86.ActiveCfg = Debug|x86
		{1B20D675-5E58-4CED-910A-DDD752B6AF25}.Debug|x86.Build.0 = Debug|x86
		{1B20D675-5E58-4CED-910A-DDD752B6AF25}.Release|Any CPU.ActiveCfg = Release|x86
		{1B20D675-5E58-4CED-910A-DDD752B6AF25}.Release|Mixed Platforms.ActiveCfg = Release|x86
		{1B20D675-5E58-4CED-910A-DDD752B6AF25}.Release|Mixed Platforms.Build.0 = Release|x86
		{1B20D675-5E58-4CED-910A-DDD752B6AF25}.Release|x86.ActiveCfg = Release|x86
		{1B20D675-5E58-4CED-910A-DDD752B6AF25}.Release|x86.Build.0 = Release|x86
		{5078C2E0-CD36-4175-B81C-3401011AE454}.Debug|Any CPU.ActiveCfg = Debug|Any CPU
		{5078C2E0-CD36-4175-B81C-3401011AE454}.Debug|Any CPU.Build.0 = Debug|Any CPU
		{5078C2E0-CD36-4175-B81C-3401011AE454}.Debug|Mixed Platforms.ActiveCfg = Debug|Any CPU
		{5078C2E0-CD36-4175-B81C-3401011AE454}.Debug|Mixed Platforms.Build.0 = Debug|Any CPU
		{5078C2E0-CD36-4175-B81C-3401011AE454}.Debug|x86.ActiveCfg = Debug|Any CPU
		{5078C2E0-CD36-4175-B81C-3401011AE454}.Release|Any CPU.ActiveCfg = Release|Any CPU
		{5078C2E0-CD36-4175-B81C-3401011AE454}.Release|Any CPU.Build.0 = Release|Any CPU
		{5078C2E0-CD36-4175-B81C-3401011AE454}.Release|Mixed Platforms.ActiveCfg = Release|Any CPU
		{5078C2E0-CD36-4175-B81C-3401011AE454}.Release|Mixed Platforms.Build.0 = Release|Any CPU
		{5078C2E0-CD36-4175-B81C-3401011AE454}.Release|x86.ActiveCfg = Release|Any CPU
		{03A943A2-01F5-421A-9CA8-4F87BBFDCE4B}.Debug|Any CPU.ActiveCfg = Debug|x86
		{03A943A2-01F5-421A-9CA8-4F87BBFDCE4B}.Debug|Mixed Platforms.ActiveCfg = Debug|x86
		{03A943A2-01F5-421A-9CA8-4F87BBFDCE4B}.Debug|Mixed Platforms.Build.0 = Debug|x86
		{03A943A2-01F5-421A-9CA8-4F87BBFDCE4B}.Debug|x86.ActiveCfg = Debug|x86
		{03A943A2-01F5-421A-9CA8-4F87BBFDCE4B}.Debug|x86.Build.0 = Debug|x86
		{03A943A2-01F5-421A-9CA8-4F87BBFDCE4B}.Release|Any CPU.ActiveCfg = Release|x86
		{03A943A2-01F5-421A-9CA8-4F87BBFDCE4B}.Release|Mixed Platforms.ActiveCfg = Release|x86
		{03A943A2-01F5-421A-9CA8-4F87BBFDCE4B}.Release|Mixed Platforms.Build.0 = Release|x86
		{03A943A2-01F5-421A-9CA8-4F87BBFDCE4B}.Release|x86.ActiveCfg = Release|x86
		{03A943A2-01F5-421A-9CA8-4F87BBFDCE4B}.Release|x86.Build.0 = Release|x86
		{CAFC979F-8009-49E4-81BF-FDFD9EA9F201}.Debug|Any CPU.ActiveCfg = Debug|x86
		{CAFC979F-8009-49E4-81BF-FDFD9EA9F201}.Debug|Mixed Platforms.ActiveCfg = Debug|x86
		{CAFC979F-8009-49E4-81BF-FDFD9EA9F201}.Debug|Mixed Platforms.Build.0 = Debug|x86
		{CAFC979F-8009-49E4-81BF-FDFD9EA9F201}.Debug|x86.ActiveCfg = Debug|x86
		{CAFC979F-8009-49E4-81BF-FDFD9EA9F201}.Debug|x86.Build.0 = Debug|x86
		{CAFC979F-8009-49E4-81BF-FDFD9EA9F201}.Release|Any CPU.ActiveCfg = Release|x86
		{CAFC979F-8009-49E4-81BF-FDFD9EA9F201}.Release|Mixed Platforms.ActiveCfg = Release|x86
		{CAFC979F-8009-49E4-81BF-FDFD9EA9F201}.Release|Mixed Platforms.Build.0 = Release|x86
		{CAFC979F-8009-49E4-81BF-FDFD9EA9F201}.Release|x86.ActiveCfg = Release|x86
		{CAFC979F-8009-49E4-81BF-FDFD9EA9F201}.Release|x86.Build.0 = Release|x86
		{CE1C90D4-9BEE-45BE-A12E-B754101F1232}.Debug|Any CPU.ActiveCfg = Debug|Any CPU
		{CE1C90D4-9BEE-45BE-A12E-B754101F1232}.Debug|Any CPU.Build.0 = Debug|Any CPU
		{CE1C90D4-9BEE-45BE-A12E-B754101F1232}.Debug|Mixed Platforms.ActiveCfg = Debug|Any CPU
		{CE1C90D4-9BEE-45BE-A12E-B754101F1232}.Debug|Mixed Platforms.Build.0 = Debug|Any CPU
		{CE1C90D4-9BEE-45BE-A12E-B754101F1232}.Debug|x86.ActiveCfg = Debug|Any CPU
		{CE1C90D4-9BEE-45BE-A12E-B754101F1232}.Release|Any CPU.ActiveCfg = Release|Any CPU
		{CE1C90D4-9BEE-45BE-A12E-B754101F1232}.Release|Any CPU.Build.0 = Release|Any CPU
		{CE1C90D4-9BEE-45BE-A12E-B754101F1232}.Release|Mixed Platforms.ActiveCfg = Release|Any CPU
		{CE1C90D4-9BEE-45BE-A12E-B754101F1232}.Release|Mixed Platforms.Build.0 = Release|Any CPU
		{CE1C90D4-9BEE-45BE-A12E-B754101F1232}.Release|x86.ActiveCfg = Release|Any CPU
		{2DECC99C-88B4-46C6-97EF-21F54666FD73}.Debug|Any CPU.ActiveCfg = Debug|Any CPU
		{2DECC99C-88B4-46C6-97EF-21F54666FD73}.Debug|Any CPU.Build.0 = Debug|Any CPU
		{2DECC99C-88B4-46C6-97EF-21F54666FD73}.Debug|Mixed Platforms.ActiveCfg = Debug|Any CPU
		{2DECC99C-88B4-46C6-97EF-21F54666FD73}.Debug|Mixed Platforms.Build.0 = Debug|Any CPU
		{2DECC99C-88B4-46C6-97EF-21F54666FD73}.Debug|x86.ActiveCfg = Debug|Any CPU
		{2DECC99C-88B4-46C6-97EF-21F54666FD73}.Release|Any CPU.ActiveCfg = Release|Any CPU
		{2DECC99C-88B4-46C6-97EF-21F54666FD73}.Release|Any CPU.Build.0 = Release|Any CPU
		{2DECC99C-88B4-46C6-97EF-21F54666FD73}.Release|Mixed Platforms.ActiveCfg = Release|Any CPU
		{2DECC99C-88B4-46C6-97EF-21F54666FD73}.Release|Mixed Platforms.Build.0 = Release|Any CPU
		{2DECC99C-88B4-46C6-97EF-21F54666FD73}.Release|x86.ActiveCfg = Release|Any CPU
		{E9529453-98EF-47E9-81DA-67C08B9911E0}.Debug|Any CPU.ActiveCfg = Debug|x86
		{E9529453-98EF-47E9-81DA-67C08B9911E0}.Debug|Mixed Platforms.ActiveCfg = Debug|x86
		{E9529453-98EF-47E9-81DA-67C08B9911E0}.Debug|Mixed Platforms.Build.0 = Debug|x86
		{E9529453-98EF-47E9-81DA-67C08B9911E0}.Debug|x86.ActiveCfg = Debug|x86
		{E9529453-98EF-47E9-81DA-67C08B9911E0}.Debug|x86.Build.0 = Debug|x86
		{E9529453-98EF-47E9-81DA-67C08B9911E0}.Release|Any CPU.ActiveCfg = Release|x86
		{E9529453-98EF-47E9-81DA-67C08B9911E0}.Release|Mixed Platforms.ActiveCfg = Release|x86
		{E9529453-98EF-47E9-81DA-67C08B9911E0}.Release|Mixed Platforms.Build.0 = Release|x86
		{E9529453-98EF-47E9-81DA-67C08B9911E0}.Release|x86.ActiveCfg = Release|x86
		{E9529453-98EF-47E9-81DA-67C08B9911E0}.Release|x86.Build.0 = Release|x86
		{D100D8B2-8599-44CA-8E1B-D17953F87BAD}.Debug|Any CPU.ActiveCfg = Debug|Any CPU
		{D100D8B2-8599-44CA-8E1B-D17953F87BAD}.Debug|Any CPU.Build.0 = Debug|Any CPU
		{D100D8B2-8599-44CA-8E1B-D17953F87BAD}.Debug|Mixed Platforms.ActiveCfg = Debug|Any CPU
		{D100D8B2-8599-44CA-8E1B-D17953F87BAD}.Debug|Mixed Platforms.Build.0 = Debug|Any CPU
		{D100D8B2-8599-44CA-8E1B-D17953F87BAD}.Debug|x86.ActiveCfg = Debug|Any CPU
		{D100D8B2-8599-44CA-8E1B-D17953F87BAD}.Release|Any CPU.ActiveCfg = Release|Any CPU
		{D100D8B2-8599-44CA-8E1B-D17953F87BAD}.Release|Any CPU.Build.0 = Release|Any CPU
		{D100D8B2-8599-44CA-8E1B-D17953F87BAD}.Release|Mixed Platforms.ActiveCfg = Release|Any CPU
		{D100D8B2-8599-44CA-8E1B-D17953F87BAD}.Release|Mixed Platforms.Build.0 = Release|Any CPU
		{D100D8B2-8599-44CA-8E1B-D17953F87BAD}.Release|x86.ActiveCfg = Release|Any CPU
		{B9349102-3DCF-49F1-91B8-AC3CF2CFF5D8}.Debug|Any CPU.ActiveCfg = Debug|x86
		{B9349102-3DCF-49F1-91B8-AC3CF2CFF5D8}.Debug|Mixed Platforms.ActiveCfg = Debug|x86
		{B9349102-3DCF-49F1-91B8-AC3CF2CFF5D8}.Debug|Mixed Platforms.Build.0 = Debug|x86
		{B9349102-3DCF-49F1-91B8-AC3CF2CFF5D8}.Debug|x86.ActiveCfg = Debug|x86
		{B9349102-3DCF-49F1-91B8-AC3CF2CFF5D8}.Debug|x86.Build.0 = Debug|x86
		{B9349102-3DCF-49F1-91B8-AC3CF2CFF5D8}.Release|Any CPU.ActiveCfg = Release|x86
		{B9349102-3DCF-49F1-91B8-AC3CF2CFF5D8}.Release|Mixed Platforms.ActiveCfg = Release|x86
		{B9349102-3DCF-49F1-91B8-AC3CF2CFF5D8}.Release|Mixed Platforms.Build.0 = Release|x86
		{B9349102-3DCF-49F1-91B8-AC3CF2CFF5D8}.Release|x86.ActiveCfg = Release|x86
		{B9349102-3DCF-49F1-91B8-AC3CF2CFF5D8}.Release|x86.Build.0 = Release|x86
	EndGlobalSection
	GlobalSection(SolutionProperties) = preSolution
		HideSolutionNode = FALSE
	EndGlobalSection
	GlobalSection(NestedProjects) = preSolution
		{1B20D675-5E58-4CED-910A-DDD752B6AF25} = {A442DBDC-1141-40ED-A204-36D19DC0C655}
		{03A943A2-01F5-421A-9CA8-4F87BBFDCE4B} = {A442DBDC-1141-40ED-A204-36D19DC0C655}
		{B9349102-3DCF-49F1-91B8-AC3CF2CFF5D8} = {28675253-054D-4885-BA3C-8013FA5AE25A}
		{5078C2E0-CD36-4175-B81C-3401011AE454} = {32F5AE39-2B88-475E-8659-2B24009A43F6}
		{CAFC979F-8009-49E4-81BF-FDFD9EA9F201} = {32F5AE39-2B88-475E-8659-2B24009A43F6}
		{D100D8B2-8599-44CA-8E1B-D17953F87BAD} = {32F5AE39-2B88-475E-8659-2B24009A43F6}
		{CE1C90D4-9BEE-45BE-A12E-B754101F1232} = {B7361CDA-DC3E-43AF-B9D1-FF63BDFD098E}
		{2DECC99C-88B4-46C6-97EF-21F54666FD73} = {B7361CDA-DC3E-43AF-B9D1-FF63BDFD098E}
		{E9529453-98EF-47E9-81DA-67C08B9911E0} = {B7361CDA-DC3E-43AF-B9D1-FF63BDFD098E}
	EndGlobalSection
EndGlobal
