
Microsoft Visual Studio Solution File, Format Version 11.00
# Visual Studio 2010
Project("{FAE04EC0-301F-11D3-BF4B-00C04F79EFBC}") = "Sb.DistributedProcessing.Coordinator", "Sb.DistributedProcessing.Coordinator.csproj", "{AF64E57C-486C-4826-A187-0BF912A9941B}"
EndProject
Global
	GlobalSection(SolutionConfigurationPlatforms) = preSolution
		Debug|x86 = Debug|x86
		Release|x86 = Release|x86
	EndGlobalSection
	GlobalSection(ProjectConfigurationPlatforms) = postSolution
		{AF64E57C-486C-4826-A187-0BF912A9941B}.Debug|x86.ActiveCfg = Debug|x86
		{AF64E57C-486C-4826-A187-0BF912A9941B}.Debug|x86.Build.0 = Debug|x86
		{AF64E57C-486C-4826-A187-0BF912A9941B}.Release|x86.ActiveCfg = Release|x86
		{AF64E57C-486C-4826-A187-0BF912A9941B}.Release|x86.Build.0 = Release|x86
	EndGlobalSection
	GlobalSection(SolutionProperties) = preSolution
		HideSolutionNode = FALSE
	EndGlobalSection
EndGlobal
