
Microsoft Visual Studio Solution File, Format Version 12.00
# Visual Studio 2012
Project("{FAE04EC0-301F-11D3-BF4B-00C04F79EFBC}") = "Bandeirantes.Servicos", "Bandeirantes.Servicos.csproj", "{B0471ED7-E63F-4AF5-B8AA-166BAFBCB0C5}"
EndProject
Project("{FAE04EC0-301F-11D3-BF4B-00C04F79EFBC}") = "Bandeirantes.Servicos.Bus", "..\Bandeirantes.Servicos.Bus\Bandeirantes.Servicos.Bus.csproj", "{4F27BE11-7AF8-47AA-B61E-F8086518AABF}"
EndProject
Global
	GlobalSection(SolutionConfigurationPlatforms) = preSolution
		Debug|Any CPU = Debug|Any CPU
		Release|Any CPU = Release|Any CPU
	EndGlobalSection
	GlobalSection(ProjectConfigurationPlatforms) = postSolution
		{B0471ED7-E63F-4AF5-B8AA-166BAFBCB0C5}.Debug|Any CPU.ActiveCfg = Debug|Any CPU
		{B0471ED7-E63F-4AF5-B8AA-166BAFBCB0C5}.Debug|Any CPU.Build.0 = Debug|Any CPU
		{B0471ED7-E63F-4AF5-B8AA-166BAFBCB0C5}.Release|Any CPU.ActiveCfg = Release|Any CPU
		{B0471ED7-E63F-4AF5-B8AA-166BAFBCB0C5}.Release|Any CPU.Build.0 = Release|Any CPU
		{4F27BE11-7AF8-47AA-B61E-F8086518AABF}.Debug|Any CPU.ActiveCfg = Debug|Any CPU
		{4F27BE11-7AF8-47AA-B61E-F8086518AABF}.Debug|Any CPU.Build.0 = Debug|Any CPU
		{4F27BE11-7AF8-47AA-B61E-F8086518AABF}.Release|Any CPU.ActiveCfg = Release|Any CPU
		{4F27BE11-7AF8-47AA-B61E-F8086518AABF}.Release|Any CPU.Build.0 = Release|Any CPU
	EndGlobalSection
	GlobalSection(SolutionProperties) = preSolution
		HideSolutionNode = FALSE
	EndGlobalSection
EndGlobal
