
Microsoft Visual Studio Solution File, Format Version 11.00
# Visual Studio 2010
Project("{FAE04EC0-301F-11D3-BF4B-00C04F79EFBC}") = "Zanfranceschi.MsgEa.Domain", "Zanfranceschi.MsgEa.Domain\Zanfranceschi.MsgEa.Domain.csproj", "{3996A672-9C61-42A0-9766-C15D67067395}"
EndProject
Project("{FAE04EC0-301F-11D3-BF4B-00C04F79EFBC}") = "Zanfranceschi.MsgEa.Messages", "Zanfranceschi.MsgEa.Messages\Zanfranceschi.MsgEa.Messages.csproj", "{B43EB6ED-78AF-40FA-AB2E-ABEAB1BCC8C3}"
EndProject
Project("{2150E333-8FDC-42A3-9474-1A3956D46DE8}") = "Core", "Core", "{0F01B8C6-2DF5-4A65-9B0F-F389DE073A0D}"
EndProject
Project("{2150E333-8FDC-42A3-9474-1A3956D46DE8}") = "EndPoints", "EndPoints", "{FF501435-AE65-4068-A600-965E86B0CD92}"
EndProject
Project("{2150E333-8FDC-42A3-9474-1A3956D46DE8}") = "Clients", "Clients", "{D1E8E7FF-C411-4B2F-B611-DDF29D664E76}"
EndProject
Project("{FAE04EC0-301F-11D3-BF4B-00C04F79EFBC}") = "Zanfranceschi.MsgEa.UIs._Console", "Zanfranceschi.MsgEa.UIs._Console\Zanfranceschi.MsgEa.UIs._Console.csproj", "{38F1177D-344A-4636-BDD3-EEF642804E25}"
EndProject
Project("{FAE04EC0-301F-11D3-BF4B-00C04F79EFBC}") = "Zanfranceschi.MsgEa.Model", "Zanfranceschi.MsgEa.Model\Zanfranceschi.MsgEa.Model.csproj", "{2A3083CE-5AFE-44DB-AF68-8B4786C9D6B7}"
EndProject
Project("{2150E333-8FDC-42A3-9474-1A3956D46DE8}") = "Sandbox", "Sandbox", "{D75EF176-7568-4BCB-A16E-7813E6B40601}"
EndProject
Project("{FAE04EC0-301F-11D3-BF4B-00C04F79EFBC}") = "Zanfranceschi.MsgEa.Sandbox.AppA", "Zanfranceschi.MsgEa.Sandbox.AppA\Zanfranceschi.MsgEa.Sandbox.AppA.csproj", "{DBE3209F-1E09-4689-BEF2-11CCE2DCEB0D}"
EndProject
Project("{FAE04EC0-301F-11D3-BF4B-00C04F79EFBC}") = "Zanfranceschi.MsgEa.Sandbox.AppB", "Zanfranceschi.MsgEa.Sandbox.AppB\Zanfranceschi.MsgEa.Sandbox.AppB.csproj", "{E59CAE55-6F65-4E2F-97B2-4B53C819598A}"
EndProject
Project("{FAE04EC0-301F-11D3-BF4B-00C04F79EFBC}") = "Zanfranceschi.MsgEa.Domain.Impl", "Zanfranceschi.MsgEa.Domain.Impl\Zanfranceschi.MsgEa.Domain.Impl.csproj", "{04201D09-2A2C-463A-B3C0-5E4E06F5F87F}"
EndProject
Project("{FAE04EC0-301F-11D3-BF4B-00C04F79EFBC}") = "Zanfranceschi.MsgEa.Domain.ClientEndPointImpl", "Zanfranceschi.MsgEa.Domain.ClientEndPointImpl\Zanfranceschi.MsgEa.Domain.ClientEndPointImpl.csproj", "{B01D495E-3E2C-4CB0-800F-6CF8E50785D3}"
EndProject
Project("{FAE04EC0-301F-11D3-BF4B-00C04F79EFBC}") = "Zanfranceschi.MsgEa.Domain.ServerEndPointImpl", "Zanfranceschi.MsgEa.Domain.ServerEndPointImpl\Zanfranceschi.MsgEa.Domain.ServerEndPointImpl.csproj", "{95B737FC-2C6B-494A-8CCE-7D943297632E}"
EndProject
Project("{FAE04EC0-301F-11D3-BF4B-00C04F79EFBC}") = "Zanfranceschi.MsgEa.UIs.CEPConsole", "Zanfranceschi.MsgEa.UIs.CEPConsole\Zanfranceschi.MsgEa.UIs.CEPConsole.csproj", "{C8F1B4C0-3CED-4A68-9615-2C180B01A5E9}"
EndProject
Global
	GlobalSection(SolutionConfigurationPlatforms) = preSolution
		Debug|Any CPU = Debug|Any CPU
		Debug|Mixed Platforms = Debug|Mixed Platforms
		Debug|x86 = Debug|x86
		Release|Any CPU = Release|Any CPU
		Release|Mixed Platforms = Release|Mixed Platforms
		Release|x86 = Release|x86
	EndGlobalSection
	GlobalSection(ProjectConfigurationPlatforms) = postSolution
		{3996A672-9C61-42A0-9766-C15D67067395}.Debug|Any CPU.ActiveCfg = Debug|Any CPU
		{3996A672-9C61-42A0-9766-C15D67067395}.Debug|Any CPU.Build.0 = Debug|Any CPU
		{3996A672-9C61-42A0-9766-C15D67067395}.Debug|Mixed Platforms.ActiveCfg = Debug|Any CPU
		{3996A672-9C61-42A0-9766-C15D67067395}.Debug|Mixed Platforms.Build.0 = Debug|Any CPU
		{3996A672-9C61-42A0-9766-C15D67067395}.Debug|x86.ActiveCfg = Debug|Any CPU
		{3996A672-9C61-42A0-9766-C15D67067395}.Release|Any CPU.ActiveCfg = Release|Any CPU
		{3996A672-9C61-42A0-9766-C15D67067395}.Release|Any CPU.Build.0 = Release|Any CPU
		{3996A672-9C61-42A0-9766-C15D67067395}.Release|Mixed Platforms.ActiveCfg = Release|Any CPU
		{3996A672-9C61-42A0-9766-C15D67067395}.Release|Mixed Platforms.Build.0 = Release|Any CPU
		{3996A672-9C61-42A0-9766-C15D67067395}.Release|x86.ActiveCfg = Release|Any CPU
		{B43EB6ED-78AF-40FA-AB2E-ABEAB1BCC8C3}.Debug|Any CPU.ActiveCfg = Debug|Any CPU
		{B43EB6ED-78AF-40FA-AB2E-ABEAB1BCC8C3}.Debug|Any CPU.Build.0 = Debug|Any CPU
		{B43EB6ED-78AF-40FA-AB2E-ABEAB1BCC8C3}.Debug|Mixed Platforms.ActiveCfg = Debug|Any CPU
		{B43EB6ED-78AF-40FA-AB2E-ABEAB1BCC8C3}.Debug|Mixed Platforms.Build.0 = Debug|Any CPU
		{B43EB6ED-78AF-40FA-AB2E-ABEAB1BCC8C3}.Debug|x86.ActiveCfg = Debug|Any CPU
		{B43EB6ED-78AF-40FA-AB2E-ABEAB1BCC8C3}.Release|Any CPU.ActiveCfg = Release|Any CPU
		{B43EB6ED-78AF-40FA-AB2E-ABEAB1BCC8C3}.Release|Any CPU.Build.0 = Release|Any CPU
		{B43EB6ED-78AF-40FA-AB2E-ABEAB1BCC8C3}.Release|Mixed Platforms.ActiveCfg = Release|Any CPU
		{B43EB6ED-78AF-40FA-AB2E-ABEAB1BCC8C3}.Release|Mixed Platforms.Build.0 = Release|Any CPU
		{B43EB6ED-78AF-40FA-AB2E-ABEAB1BCC8C3}.Release|x86.ActiveCfg = Release|Any CPU
		{38F1177D-344A-4636-BDD3-EEF642804E25}.Debug|Any CPU.ActiveCfg = Debug|x86
		{38F1177D-344A-4636-BDD3-EEF642804E25}.Debug|Mixed Platforms.ActiveCfg = Debug|x86
		{38F1177D-344A-4636-BDD3-EEF642804E25}.Debug|Mixed Platforms.Build.0 = Debug|x86
		{38F1177D-344A-4636-BDD3-EEF642804E25}.Debug|x86.ActiveCfg = Debug|x86
		{38F1177D-344A-4636-BDD3-EEF642804E25}.Debug|x86.Build.0 = Debug|x86
		{38F1177D-344A-4636-BDD3-EEF642804E25}.Release|Any CPU.ActiveCfg = Release|x86
		{38F1177D-344A-4636-BDD3-EEF642804E25}.Release|Mixed Platforms.ActiveCfg = Release|x86
		{38F1177D-344A-4636-BDD3-EEF642804E25}.Release|Mixed Platforms.Build.0 = Release|x86
		{38F1177D-344A-4636-BDD3-EEF642804E25}.Release|x86.ActiveCfg = Release|x86
		{38F1177D-344A-4636-BDD3-EEF642804E25}.Release|x86.Build.0 = Release|x86
		{2A3083CE-5AFE-44DB-AF68-8B4786C9D6B7}.Debug|Any CPU.ActiveCfg = Debug|Any CPU
		{2A3083CE-5AFE-44DB-AF68-8B4786C9D6B7}.Debug|Any CPU.Build.0 = Debug|Any CPU
		{2A3083CE-5AFE-44DB-AF68-8B4786C9D6B7}.Debug|Mixed Platforms.ActiveCfg = Debug|Any CPU
		{2A3083CE-5AFE-44DB-AF68-8B4786C9D6B7}.Debug|Mixed Platforms.Build.0 = Debug|Any CPU
		{2A3083CE-5AFE-44DB-AF68-8B4786C9D6B7}.Debug|x86.ActiveCfg = Debug|Any CPU
		{2A3083CE-5AFE-44DB-AF68-8B4786C9D6B7}.Release|Any CPU.ActiveCfg = Release|Any CPU
		{2A3083CE-5AFE-44DB-AF68-8B4786C9D6B7}.Release|Any CPU.Build.0 = Release|Any CPU
		{2A3083CE-5AFE-44DB-AF68-8B4786C9D6B7}.Release|Mixed Platforms.ActiveCfg = Release|Any CPU
		{2A3083CE-5AFE-44DB-AF68-8B4786C9D6B7}.Release|Mixed Platforms.Build.0 = Release|Any CPU
		{2A3083CE-5AFE-44DB-AF68-8B4786C9D6B7}.Release|x86.ActiveCfg = Release|Any CPU
		{DBE3209F-1E09-4689-BEF2-11CCE2DCEB0D}.Debug|Any CPU.ActiveCfg = Debug|x86
		{DBE3209F-1E09-4689-BEF2-11CCE2DCEB0D}.Debug|Mixed Platforms.ActiveCfg = Debug|x86
		{DBE3209F-1E09-4689-BEF2-11CCE2DCEB0D}.Debug|Mixed Platforms.Build.0 = Debug|x86
		{DBE3209F-1E09-4689-BEF2-11CCE2DCEB0D}.Debug|x86.ActiveCfg = Debug|x86
		{DBE3209F-1E09-4689-BEF2-11CCE2DCEB0D}.Debug|x86.Build.0 = Debug|x86
		{DBE3209F-1E09-4689-BEF2-11CCE2DCEB0D}.Release|Any CPU.ActiveCfg = Release|x86
		{DBE3209F-1E09-4689-BEF2-11CCE2DCEB0D}.Release|Mixed Platforms.ActiveCfg = Release|x86
		{DBE3209F-1E09-4689-BEF2-11CCE2DCEB0D}.Release|Mixed Platforms.Build.0 = Release|x86
		{DBE3209F-1E09-4689-BEF2-11CCE2DCEB0D}.Release|x86.ActiveCfg = Release|x86
		{DBE3209F-1E09-4689-BEF2-11CCE2DCEB0D}.Release|x86.Build.0 = Release|x86
		{E59CAE55-6F65-4E2F-97B2-4B53C819598A}.Debug|Any CPU.ActiveCfg = Debug|x86
		{E59CAE55-6F65-4E2F-97B2-4B53C819598A}.Debug|Mixed Platforms.ActiveCfg = Debug|x86
		{E59CAE55-6F65-4E2F-97B2-4B53C819598A}.Debug|Mixed Platforms.Build.0 = Debug|x86
		{E59CAE55-6F65-4E2F-97B2-4B53C819598A}.Debug|x86.ActiveCfg = Debug|x86
		{E59CAE55-6F65-4E2F-97B2-4B53C819598A}.Debug|x86.Build.0 = Debug|x86
		{E59CAE55-6F65-4E2F-97B2-4B53C819598A}.Release|Any CPU.ActiveCfg = Release|x86
		{E59CAE55-6F65-4E2F-97B2-4B53C819598A}.Release|Mixed Platforms.ActiveCfg = Release|x86
		{E59CAE55-6F65-4E2F-97B2-4B53C819598A}.Release|Mixed Platforms.Build.0 = Release|x86
		{E59CAE55-6F65-4E2F-97B2-4B53C819598A}.Release|x86.ActiveCfg = Release|x86
		{E59CAE55-6F65-4E2F-97B2-4B53C819598A}.Release|x86.Build.0 = Release|x86
		{04201D09-2A2C-463A-B3C0-5E4E06F5F87F}.Debug|Any CPU.ActiveCfg = Debug|Any CPU
		{04201D09-2A2C-463A-B3C0-5E4E06F5F87F}.Debug|Any CPU.Build.0 = Debug|Any CPU
		{04201D09-2A2C-463A-B3C0-5E4E06F5F87F}.Debug|Mixed Platforms.ActiveCfg = Debug|Any CPU
		{04201D09-2A2C-463A-B3C0-5E4E06F5F87F}.Debug|Mixed Platforms.Build.0 = Debug|Any CPU
		{04201D09-2A2C-463A-B3C0-5E4E06F5F87F}.Debug|x86.ActiveCfg = Debug|Any CPU
		{04201D09-2A2C-463A-B3C0-5E4E06F5F87F}.Release|Any CPU.ActiveCfg = Release|Any CPU
		{04201D09-2A2C-463A-B3C0-5E4E06F5F87F}.Release|Any CPU.Build.0 = Release|Any CPU
		{04201D09-2A2C-463A-B3C0-5E4E06F5F87F}.Release|Mixed Platforms.ActiveCfg = Release|Any CPU
		{04201D09-2A2C-463A-B3C0-5E4E06F5F87F}.Release|Mixed Platforms.Build.0 = Release|Any CPU
		{04201D09-2A2C-463A-B3C0-5E4E06F5F87F}.Release|x86.ActiveCfg = Release|Any CPU
		{B01D495E-3E2C-4CB0-800F-6CF8E50785D3}.Debug|Any CPU.ActiveCfg = Debug|Any CPU
		{B01D495E-3E2C-4CB0-800F-6CF8E50785D3}.Debug|Any CPU.Build.0 = Debug|Any CPU
		{B01D495E-3E2C-4CB0-800F-6CF8E50785D3}.Debug|Mixed Platforms.ActiveCfg = Debug|Any CPU
		{B01D495E-3E2C-4CB0-800F-6CF8E50785D3}.Debug|Mixed Platforms.Build.0 = Debug|Any CPU
		{B01D495E-3E2C-4CB0-800F-6CF8E50785D3}.Debug|x86.ActiveCfg = Debug|Any CPU
		{B01D495E-3E2C-4CB0-800F-6CF8E50785D3}.Release|Any CPU.ActiveCfg = Release|Any CPU
		{B01D495E-3E2C-4CB0-800F-6CF8E50785D3}.Release|Any CPU.Build.0 = Release|Any CPU
		{B01D495E-3E2C-4CB0-800F-6CF8E50785D3}.Release|Mixed Platforms.ActiveCfg = Release|Any CPU
		{B01D495E-3E2C-4CB0-800F-6CF8E50785D3}.Release|Mixed Platforms.Build.0 = Release|Any CPU
		{B01D495E-3E2C-4CB0-800F-6CF8E50785D3}.Release|x86.ActiveCfg = Release|Any CPU
		{95B737FC-2C6B-494A-8CCE-7D943297632E}.Debug|Any CPU.ActiveCfg = Debug|Any CPU
		{95B737FC-2C6B-494A-8CCE-7D943297632E}.Debug|Any CPU.Build.0 = Debug|Any CPU
		{95B737FC-2C6B-494A-8CCE-7D943297632E}.Debug|Mixed Platforms.ActiveCfg = Debug|Any CPU
		{95B737FC-2C6B-494A-8CCE-7D943297632E}.Debug|Mixed Platforms.Build.0 = Debug|Any CPU
		{95B737FC-2C6B-494A-8CCE-7D943297632E}.Debug|x86.ActiveCfg = Debug|Any CPU
		{95B737FC-2C6B-494A-8CCE-7D943297632E}.Release|Any CPU.ActiveCfg = Release|Any CPU
		{95B737FC-2C6B-494A-8CCE-7D943297632E}.Release|Any CPU.Build.0 = Release|Any CPU
		{95B737FC-2C6B-494A-8CCE-7D943297632E}.Release|Mixed Platforms.ActiveCfg = Release|Any CPU
		{95B737FC-2C6B-494A-8CCE-7D943297632E}.Release|Mixed Platforms.Build.0 = Release|Any CPU
		{95B737FC-2C6B-494A-8CCE-7D943297632E}.Release|x86.ActiveCfg = Release|Any CPU
		{C8F1B4C0-3CED-4A68-9615-2C180B01A5E9}.Debug|Any CPU.ActiveCfg = Debug|x86
		{C8F1B4C0-3CED-4A68-9615-2C180B01A5E9}.Debug|Mixed Platforms.ActiveCfg = Debug|x86
		{C8F1B4C0-3CED-4A68-9615-2C180B01A5E9}.Debug|Mixed Platforms.Build.0 = Debug|x86
		{C8F1B4C0-3CED-4A68-9615-2C180B01A5E9}.Debug|x86.ActiveCfg = Debug|x86
		{C8F1B4C0-3CED-4A68-9615-2C180B01A5E9}.Debug|x86.Build.0 = Debug|x86
		{C8F1B4C0-3CED-4A68-9615-2C180B01A5E9}.Release|Any CPU.ActiveCfg = Release|x86
		{C8F1B4C0-3CED-4A68-9615-2C180B01A5E9}.Release|Mixed Platforms.ActiveCfg = Release|x86
		{C8F1B4C0-3CED-4A68-9615-2C180B01A5E9}.Release|Mixed Platforms.Build.0 = Release|x86
		{C8F1B4C0-3CED-4A68-9615-2C180B01A5E9}.Release|x86.ActiveCfg = Release|x86
		{C8F1B4C0-3CED-4A68-9615-2C180B01A5E9}.Release|x86.Build.0 = Release|x86
	EndGlobalSection
	GlobalSection(SolutionProperties) = preSolution
		HideSolutionNode = FALSE
	EndGlobalSection
	GlobalSection(NestedProjects) = preSolution
		{3996A672-9C61-42A0-9766-C15D67067395} = {0F01B8C6-2DF5-4A65-9B0F-F389DE073A0D}
		{2A3083CE-5AFE-44DB-AF68-8B4786C9D6B7} = {0F01B8C6-2DF5-4A65-9B0F-F389DE073A0D}
		{04201D09-2A2C-463A-B3C0-5E4E06F5F87F} = {0F01B8C6-2DF5-4A65-9B0F-F389DE073A0D}
		{B43EB6ED-78AF-40FA-AB2E-ABEAB1BCC8C3} = {FF501435-AE65-4068-A600-965E86B0CD92}
		{B01D495E-3E2C-4CB0-800F-6CF8E50785D3} = {FF501435-AE65-4068-A600-965E86B0CD92}
		{95B737FC-2C6B-494A-8CCE-7D943297632E} = {FF501435-AE65-4068-A600-965E86B0CD92}
		{38F1177D-344A-4636-BDD3-EEF642804E25} = {D1E8E7FF-C411-4B2F-B611-DDF29D664E76}
		{C8F1B4C0-3CED-4A68-9615-2C180B01A5E9} = {D1E8E7FF-C411-4B2F-B611-DDF29D664E76}
		{DBE3209F-1E09-4689-BEF2-11CCE2DCEB0D} = {D75EF176-7568-4BCB-A16E-7813E6B40601}
		{E59CAE55-6F65-4E2F-97B2-4B53C819598A} = {D75EF176-7568-4BCB-A16E-7813E6B40601}
	EndGlobalSection
EndGlobal
