
Microsoft Visual Studio Solution File, Format Version 11.00
# Visual Studio 2010
Project("{FAE04EC0-301F-11D3-BF4B-00C04F79EFBC}") = "Band.Mensagens.Wf", "Band.Mensagens.Wf\Band.Mensagens.Wf.csproj", "{E322B41A-40C8-4124-92A8-3178AB8ECCEF}"
EndProject
Project("{FAE04EC0-301F-11D3-BF4B-00C04F79EFBC}") = "Band.Wf.Rh", "Band.Wf.Rh\Band.Wf.Rh.csproj", "{1C96E01F-E6B9-467C-90AB-A72D30589BF7}"
EndProject
Project("{FAE04EC0-301F-11D3-BF4B-00C04F79EFBC}") = "Band.Wf.Ti", "Band.Wf.Ti\Band.Wf.Ti.csproj", "{5350B29E-2C31-4FB2-AE81-EEF664A5F7A5}"
EndProject
Project("{FAE04EC0-301F-11D3-BF4B-00C04F79EFBC}") = "Band.Mensagens", "Band.Mensagens\Band.Mensagens.csproj", "{89E00923-22D7-42B2-AB82-E14B74BFF560}"
EndProject
Project("{FAE04EC0-301F-11D3-BF4B-00C04F79EFBC}") = "Teste", "Teste\Teste.csproj", "{1D85778D-122C-4EB9-8DC9-5E18F4378845}"
EndProject
Project("{FAE04EC0-301F-11D3-BF4B-00C04F79EFBC}") = "Band.Wf.Infra", "Band.Wf.Infra\Band.Wf.Infra.csproj", "{918A749A-F397-4919-B60F-25409CE65263}"
EndProject
Project("{FAE04EC0-301F-11D3-BF4B-00C04F79EFBC}") = "Band.Bus.Componentes", "Band.Bus.Componentes\Band.Bus.Componentes.csproj", "{4B76D9F7-84D5-47D8-8725-9ADB7E4E5258}"
EndProject
Global
	GlobalSection(SolutionConfigurationPlatforms) = preSolution
		Debug|Any CPU = Debug|Any CPU
		Debug|Mixed Platforms = Debug|Mixed Platforms
		Debug|x86 = Debug|x86
		Release|Any CPU = Release|Any CPU
		Release|Mixed Platforms = Release|Mixed Platforms
		Release|x86 = Release|x86
	EndGlobalSection
	GlobalSection(ProjectConfigurationPlatforms) = postSolution
		{E322B41A-40C8-4124-92A8-3178AB8ECCEF}.Debug|Any CPU.ActiveCfg = Debug|x86
		{E322B41A-40C8-4124-92A8-3178AB8ECCEF}.Debug|Mixed Platforms.ActiveCfg = Debug|x86
		{E322B41A-40C8-4124-92A8-3178AB8ECCEF}.Debug|Mixed Platforms.Build.0 = Debug|x86
		{E322B41A-40C8-4124-92A8-3178AB8ECCEF}.Debug|x86.ActiveCfg = Debug|x86
		{E322B41A-40C8-4124-92A8-3178AB8ECCEF}.Debug|x86.Build.0 = Debug|x86
		{E322B41A-40C8-4124-92A8-3178AB8ECCEF}.Release|Any CPU.ActiveCfg = Release|x86
		{E322B41A-40C8-4124-92A8-3178AB8ECCEF}.Release|Mixed Platforms.ActiveCfg = Release|x86
		{E322B41A-40C8-4124-92A8-3178AB8ECCEF}.Release|Mixed Platforms.Build.0 = Release|x86
		{E322B41A-40C8-4124-92A8-3178AB8ECCEF}.Release|x86.ActiveCfg = Release|x86
		{E322B41A-40C8-4124-92A8-3178AB8ECCEF}.Release|x86.Build.0 = Release|x86
		{1C96E01F-E6B9-467C-90AB-A72D30589BF7}.Debug|Any CPU.ActiveCfg = Debug|x86
		{1C96E01F-E6B9-467C-90AB-A72D30589BF7}.Debug|Mixed Platforms.ActiveCfg = Debug|x86
		{1C96E01F-E6B9-467C-90AB-A72D30589BF7}.Debug|Mixed Platforms.Build.0 = Debug|x86
		{1C96E01F-E6B9-467C-90AB-A72D30589BF7}.Debug|x86.ActiveCfg = Debug|x86
		{1C96E01F-E6B9-467C-90AB-A72D30589BF7}.Debug|x86.Build.0 = Debug|x86
		{1C96E01F-E6B9-467C-90AB-A72D30589BF7}.Release|Any CPU.ActiveCfg = Release|x86
		{1C96E01F-E6B9-467C-90AB-A72D30589BF7}.Release|Mixed Platforms.ActiveCfg = Release|x86
		{1C96E01F-E6B9-467C-90AB-A72D30589BF7}.Release|Mixed Platforms.Build.0 = Release|x86
		{1C96E01F-E6B9-467C-90AB-A72D30589BF7}.Release|x86.ActiveCfg = Release|x86
		{1C96E01F-E6B9-467C-90AB-A72D30589BF7}.Release|x86.Build.0 = Release|x86
		{5350B29E-2C31-4FB2-AE81-EEF664A5F7A5}.Debug|Any CPU.ActiveCfg = Debug|x86
		{5350B29E-2C31-4FB2-AE81-EEF664A5F7A5}.Debug|Mixed Platforms.ActiveCfg = Debug|x86
		{5350B29E-2C31-4FB2-AE81-EEF664A5F7A5}.Debug|Mixed Platforms.Build.0 = Debug|x86
		{5350B29E-2C31-4FB2-AE81-EEF664A5F7A5}.Debug|x86.ActiveCfg = Debug|x86
		{5350B29E-2C31-4FB2-AE81-EEF664A5F7A5}.Debug|x86.Build.0 = Debug|x86
		{5350B29E-2C31-4FB2-AE81-EEF664A5F7A5}.Release|Any CPU.ActiveCfg = Release|x86
		{5350B29E-2C31-4FB2-AE81-EEF664A5F7A5}.Release|Mixed Platforms.ActiveCfg = Release|x86
		{5350B29E-2C31-4FB2-AE81-EEF664A5F7A5}.Release|Mixed Platforms.Build.0 = Release|x86
		{5350B29E-2C31-4FB2-AE81-EEF664A5F7A5}.Release|x86.ActiveCfg = Release|x86
		{5350B29E-2C31-4FB2-AE81-EEF664A5F7A5}.Release|x86.Build.0 = Release|x86
		{89E00923-22D7-42B2-AB82-E14B74BFF560}.Debug|Any CPU.ActiveCfg = Debug|Any CPU
		{89E00923-22D7-42B2-AB82-E14B74BFF560}.Debug|Any CPU.Build.0 = Debug|Any CPU
		{89E00923-22D7-42B2-AB82-E14B74BFF560}.Debug|Mixed Platforms.ActiveCfg = Debug|Any CPU
		{89E00923-22D7-42B2-AB82-E14B74BFF560}.Debug|Mixed Platforms.Build.0 = Debug|Any CPU
		{89E00923-22D7-42B2-AB82-E14B74BFF560}.Debug|x86.ActiveCfg = Debug|Any CPU
		{89E00923-22D7-42B2-AB82-E14B74BFF560}.Release|Any CPU.ActiveCfg = Release|Any CPU
		{89E00923-22D7-42B2-AB82-E14B74BFF560}.Release|Any CPU.Build.0 = Release|Any CPU
		{89E00923-22D7-42B2-AB82-E14B74BFF560}.Release|Mixed Platforms.ActiveCfg = Release|Any CPU
		{89E00923-22D7-42B2-AB82-E14B74BFF560}.Release|Mixed Platforms.Build.0 = Release|Any CPU
		{89E00923-22D7-42B2-AB82-E14B74BFF560}.Release|x86.ActiveCfg = Release|Any CPU
		{1D85778D-122C-4EB9-8DC9-5E18F4378845}.Debug|Any CPU.ActiveCfg = Debug|x86
		{1D85778D-122C-4EB9-8DC9-5E18F4378845}.Debug|Mixed Platforms.ActiveCfg = Debug|x86
		{1D85778D-122C-4EB9-8DC9-5E18F4378845}.Debug|Mixed Platforms.Build.0 = Debug|x86
		{1D85778D-122C-4EB9-8DC9-5E18F4378845}.Debug|x86.ActiveCfg = Debug|x86
		{1D85778D-122C-4EB9-8DC9-5E18F4378845}.Debug|x86.Build.0 = Debug|x86
		{1D85778D-122C-4EB9-8DC9-5E18F4378845}.Release|Any CPU.ActiveCfg = Release|x86
		{1D85778D-122C-4EB9-8DC9-5E18F4378845}.Release|Mixed Platforms.ActiveCfg = Release|x86
		{1D85778D-122C-4EB9-8DC9-5E18F4378845}.Release|Mixed Platforms.Build.0 = Release|x86
		{1D85778D-122C-4EB9-8DC9-5E18F4378845}.Release|x86.ActiveCfg = Release|x86
		{1D85778D-122C-4EB9-8DC9-5E18F4378845}.Release|x86.Build.0 = Release|x86
		{918A749A-F397-4919-B60F-25409CE65263}.Debug|Any CPU.ActiveCfg = Debug|x86
		{918A749A-F397-4919-B60F-25409CE65263}.Debug|Mixed Platforms.ActiveCfg = Debug|x86
		{918A749A-F397-4919-B60F-25409CE65263}.Debug|Mixed Platforms.Build.0 = Debug|x86
		{918A749A-F397-4919-B60F-25409CE65263}.Debug|x86.ActiveCfg = Debug|x86
		{918A749A-F397-4919-B60F-25409CE65263}.Debug|x86.Build.0 = Debug|x86
		{918A749A-F397-4919-B60F-25409CE65263}.Release|Any CPU.ActiveCfg = Release|x86
		{918A749A-F397-4919-B60F-25409CE65263}.Release|Mixed Platforms.ActiveCfg = Release|x86
		{918A749A-F397-4919-B60F-25409CE65263}.Release|Mixed Platforms.Build.0 = Release|x86
		{918A749A-F397-4919-B60F-25409CE65263}.Release|x86.ActiveCfg = Release|x86
		{918A749A-F397-4919-B60F-25409CE65263}.Release|x86.Build.0 = Release|x86
		{4B76D9F7-84D5-47D8-8725-9ADB7E4E5258}.Debug|Any CPU.ActiveCfg = Debug|Any CPU
		{4B76D9F7-84D5-47D8-8725-9ADB7E4E5258}.Debug|Any CPU.Build.0 = Debug|Any CPU
		{4B76D9F7-84D5-47D8-8725-9ADB7E4E5258}.Debug|Mixed Platforms.ActiveCfg = Debug|Any CPU
		{4B76D9F7-84D5-47D8-8725-9ADB7E4E5258}.Debug|Mixed Platforms.Build.0 = Debug|Any CPU
		{4B76D9F7-84D5-47D8-8725-9ADB7E4E5258}.Debug|x86.ActiveCfg = Debug|Any CPU
		{4B76D9F7-84D5-47D8-8725-9ADB7E4E5258}.Release|Any CPU.ActiveCfg = Release|Any CPU
		{4B76D9F7-84D5-47D8-8725-9ADB7E4E5258}.Release|Any CPU.Build.0 = Release|Any CPU
		{4B76D9F7-84D5-47D8-8725-9ADB7E4E5258}.Release|Mixed Platforms.ActiveCfg = Release|Any CPU
		{4B76D9F7-84D5-47D8-8725-9ADB7E4E5258}.Release|Mixed Platforms.Build.0 = Release|Any CPU
		{4B76D9F7-84D5-47D8-8725-9ADB7E4E5258}.Release|x86.ActiveCfg = Release|Any CPU
	EndGlobalSection
	GlobalSection(SolutionProperties) = preSolution
		HideSolutionNode = FALSE
	EndGlobalSection
EndGlobal
